
Microsoft Visual Studio Solution File, Format Version 12.00
# Visual Studio Version 17
VisualStudioVersion = 17.12.35707.178
MinimumVisualStudioVersion = 10.0.40219.1
Project("{FAE04EC0-301F-11D3-BF4B-00C04F79EFBC}") = "DigitalBookStoreManagement", "BookStoreManagement\DigitalBookStoreManagement.csproj", "{869F2DD2-1956-4A38-828B-31FEC307571B}"
EndProject
Global
	GlobalSection(SolutionConfigurationPlatforms) = preSolution
		Debug|Any CPU = Debug|Any CPU
		Release|Any CPU = Release|Any CPU
	EndGlobalSection
	GlobalSection(ProjectConfigurationPlatforms) = postSolution
		{869F2DD2-1956-4A38-828B-31FEC307571B}.Debug|Any CPU.ActiveCfg = Debug|Any CPU
		{869F2DD2-1956-4A38-828B-31FEC307571B}.Debug|Any CPU.Build.0 = Debug|Any CPU
		{869F2DD2-1956-4A38-828B-31FEC307571B}.Release|Any CPU.ActiveCfg = Release|Any CPU
		{869F2DD2-1956-4A38-828B-31FEC307571B}.Release|Any CPU.Build.0 = Release|Any CPU
	EndGlobalSection
	GlobalSection(SolutionProperties) = preSolution
		HideSolutionNode = FALSE
	EndGlobalSection
EndGlobal
